
Microsoft Visual Studio Solution File, Format Version 12.00
# Visual Studio 15
VisualStudioVersion = 15.0.28307.271
MinimumVisualStudioVersion = 10.0.40219.1
Project("{FAE04EC0-301F-11D3-BF4B-00C04F79EFBC}") = "XOXGame", "XOXGame\XOXGame.csproj", "{431953C4-3D95-42AF-BFEA-FE7605E47CCE}"
EndProject
Global
	GlobalSection(SolutionConfigurationPlatforms) = preSolution
		Debug|Any CPU = Debug|Any CPU
		Release|Any CPU = Release|Any CPU
	EndGlobalSection
	GlobalSection(ProjectConfigurationPlatforms) = postSolution
		{431953C4-3D95-42AF-BFEA-FE7605E47CCE}.Debug|Any CPU.ActiveCfg = Debug|Any CPU
		{431953C4-3D95-42AF-BFEA-FE7605E47CCE}.Debug|Any CPU.Build.0 = Debug|Any CPU
		{431953C4-3D95-42AF-BFEA-FE7605E47CCE}.Release|Any CPU.ActiveCfg = Release|Any CPU
		{431953C4-3D95-42AF-BFEA-FE7605E47CCE}.Release|Any CPU.Build.0 = Release|Any CPU
	EndGlobalSection
	GlobalSection(SolutionProperties) = preSolution
		HideSolutionNode = FALSE
	EndGlobalSection
	GlobalSection(ExtensibilityGlobals) = postSolution
		SolutionGuid = {7E360BA5-2042-4BC8-9E5E-283759BFE8C6}
	EndGlobalSection
EndGlobal
